# THIS IS AN AUTOGENERATED FILE. DO NOT EDIT THIS FILE DIRECTLY.
# yarn lockfile v1


"@autojs/types-pro9@^9.3.9":
  version "9.3.9"
  resolved "https://repo.huaweicloud.com/repository/npm/@autojs/types-pro9/-/types-pro9-9.3.9.tgz#c2baf7057696d55aaf789a0347f541ca6e95443b"
  integrity sha512-RLknUZsa5CuSsL4su5s4XAV0i87L+43qtu0jhlQfk51f/zd+GZJPsu5yP9qhqFMm8fVL/0R3MNrp2DturHwEVg==

prettier@2.7.1:
  version "2.7.1"
  resolved "https://repo.huaweicloud.com/repository/npm/prettier/-/prettier-2.7.1.tgz#e235806850d057f97bb08368a4f7d899f7760c64"
  integrity sha512-ujppO+MkdPqoVINuDFDRLClm7D78qbDt0/NR+wp5FqEZOoTNAjPHWj17QRhu7geIHJfcNhRk1XVQmF8Bp3ye+g==

typescript@^4.9.4:
  version "4.9.4"
  resolved "https://repo.huaweicloud.com/repository/npm/typescript/-/typescript-4.9.4.tgz#a2a3d2756c079abda241d75f149df9d561091e78"
  integrity sha512-Uz+dTXYzxXXbsFpM86Wh3dKCxrQqUcVMxwU54orwlJjOpO3ao8L7j5lH+dWfTwgCwIuM9GQ2kvVotzYJMXTBZg==
